
Microsoft Visual Studio Solution File, Format Version 12.00
# Visual Studio Version 17
VisualStudioVersion = 17.5.002.0
MinimumVisualStudioVersion = 10.0.40219.1
Project("{9A19103F-16F7-4668-BE54-9A1E7A4F7556}") = "Webapp.Webapi", "Webapp.Webapi.csproj", "{35490721-33F2-47AE-935C-7E46ED20A2BC}"
EndProject
Global
	GlobalSection(SolutionConfigurationPlatforms) = preSolution
		Debug|Any CPU = Debug|Any CPU
		Release|Any CPU = Release|Any CPU
	EndGlobalSection
	GlobalSection(ProjectConfigurationPlatforms) = postSolution
		{35490721-33F2-47AE-935C-7E46ED20A2BC}.Debug|Any CPU.ActiveCfg = Debug|Any CPU
		{35490721-33F2-47AE-935C-7E46ED20A2BC}.Debug|Any CPU.Build.0 = Debug|Any CPU
		{35490721-33F2-47AE-935C-7E46ED20A2BC}.Release|Any CPU.ActiveCfg = Release|Any CPU
		{35490721-33F2-47AE-935C-7E46ED20A2BC}.Release|Any CPU.Build.0 = Release|Any CPU
	EndGlobalSection
	GlobalSection(SolutionProperties) = preSolution
		HideSolutionNode = FALSE
	EndGlobalSection
	GlobalSection(ExtensibilityGlobals) = postSolution
		SolutionGuid = {50FDF4C5-1182-4CB7-BCE9-58DC38E11C62}
	EndGlobalSection
EndGlobal
